{
  "version": 4,
  "terraform_version": "1.14.2",
  "serial": 16,
  "lineage": "fff067b3-e191-5e2f-2f39-0d18954b5e7c",
  "outputs": {
    "client_id": {
      "value": "<REDACTED MANUALLY>",
      "type": "string"
    },
    "client_secret": {
      "value": "<REDACTED MANUALLY>",
      "type": "string",
      "sensitive": true
    },
    "project_id": {
      "value": "obsidian-gcal-sync-df95efa5",
      "type": "string"
    }
  },
  "resources": [
    {
      "mode": "managed",
      "type": "google_iap_brand",
      "name": "obsidian_gcal_sync",
      "provider": "provider[\"registry.terraform.io/hashicorp/google\"]",
      "instances": [
        {
          "schema_version": 0,
          "attributes": {
            "application_title": "Obsidian GCal Sync",
            "id": "projects/1058896005322/brands/1058896005322",
            "name": "projects/1058896005322/brands/1058896005322",
            "org_internal_only": true,
            "project": "obsidian-gcal-sync-df95efa5",
            "support_email": "support@gyoemrey.me",
            "timeouts": null
          },
          "sensitive_attributes": [],
          "identity_schema_version": 0,
          "private": "eyJlMmJmYjczMC1lY2FhLTExZTYtOGY4OC0zNDM2M2JjN2M0YzAiOnsiY3JlYXRlIjoxMjAwMDAwMDAwMDAwLCJkZWxldGUiOjEyMDAwMDAwMDAwMDB9fQ==",
          "dependencies": [
            "google_project.obsidian_gcal_sync",
            "google_project_service.iap",
            "random_id.obsidian_project_suffix"
          ]
        }
      ]
    },
    {
      "mode": "managed",
      "type": "google_iap_client",
      "name": "obsidian_gcal_sync",
      "provider": "provider[\"registry.terraform.io/hashicorp/google\"]",
      "instances": [
        {
          "schema_version": 0,
          "attributes": {
            "brand": "projects/1058896005322/brands/1058896005322",
            "client_id": "<REDACTED MANUALLY>",
            "display_name": "obsidian-gcal-sync-client",
            "id": "projects/1058896005322/brands/1058896005322/identityAwareProxyClients/1058896005322-2dpjg7vo043tfkcjam7qhkiou18uq82b.apps.googleusercontent.com",
            "secret": "<REDACTED MANUALLY>",
            "timeouts": null
          },
          "sensitive_attributes": [
            [
              {
                "type": "get_attr",
                "value": "secret"
              }
            ]
          ],
          "identity_schema_version": 0,
          "private": "eyJlMmJmYjczMC1lY2FhLTExZTYtOGY4OC0zNDM2M2JjN2M0YzAiOnsiY3JlYXRlIjoxMjAwMDAwMDAwMDAwLCJkZWxldGUiOjEyMDAwMDAwMDAwMDB9fQ==",
          "dependencies": [
            "google_iap_brand.obsidian_gcal_sync",
            "google_project.obsidian_gcal_sync",
            "google_project_service.iap",
            "random_id.obsidian_project_suffix"
          ]
        }
      ]
    },
    {
      "mode": "managed",
      "type": "google_project",
      "name": "obsidian_gcal_sync",
      "provider": "provider[\"registry.terraform.io/hashicorp/google\"]",
      "instances": [
        {
          "schema_version": 1,
          "attributes": {
            "auto_create_network": true,
            "billing_account": null,
            "deletion_policy": "PREVENT",
            "effective_labels": {
              "created-by": "terraform",
              "goog-terraform-provisioned": "true"
            },
            "folder_id": "",
            "id": "projects/obsidian-gcal-sync-df95efa5",
            "labels": {
              "created-by": "terraform"
            },
            "name": "obsidian-gcal-sync",
            "number": "1058896005322",
            "org_id": "10223995670",
            "project_id": "obsidian-gcal-sync-df95efa5",
            "tags": null,
            "terraform_labels": {
              "created-by": "terraform",
              "goog-terraform-provisioned": "true"
            },
            "timeouts": null
          },
          "sensitive_attributes": [],
          "identity_schema_version": 0,
          "private": "eyJlMmJmYjczMC1lY2FhLTExZTYtOGY4OC0zNDM2M2JjN2M0YzAiOnsiY3JlYXRlIjo2MDAwMDAwMDAwMDAsImRlbGV0ZSI6NjAwMDAwMDAwMDAwLCJyZWFkIjo2MDAwMDAwMDAwMDAsInVwZGF0ZSI6NjAwMDAwMDAwMDAwfSwic2NoZW1hX3ZlcnNpb24iOiIxIn0=",
          "dependencies": [
            "random_id.obsidian_project_suffix"
          ]
        }
      ]
    },
    {
      "mode": "managed",
      "type": "google_project_service",
      "name": "calendar_json",
      "provider": "provider[\"registry.terraform.io/hashicorp/google\"]",
      "instances": [
        {
          "schema_version": 0,
          "attributes": {
            "disable_dependent_services": null,
            "disable_on_destroy": null,
            "id": "obsidian-gcal-sync-df95efa5/calendar-json.googleapis.com",
            "project": "obsidian-gcal-sync-df95efa5",
            "service": "calendar-json.googleapis.com",
            "timeouts": null
          },
          "sensitive_attributes": [],
          "identity_schema_version": 0,
          "private": "eyJlMmJmYjczMC1lY2FhLTExZTYtOGY4OC0zNDM2M2JjN2M0YzAiOnsiY3JlYXRlIjoxMjAwMDAwMDAwMDAwLCJkZWxldGUiOjEyMDAwMDAwMDAwMDAsInJlYWQiOjYwMDAwMDAwMDAwMCwidXBkYXRlIjoxMjAwMDAwMDAwMDAwfX0=",
          "dependencies": [
            "google_project.obsidian_gcal_sync",
            "random_id.obsidian_project_suffix"
          ]
        }
      ]
    },
    {
      "mode": "managed",
      "type": "google_project_service",
      "name": "iap",
      "provider": "provider[\"registry.terraform.io/hashicorp/google\"]",
      "instances": [
        {
          "schema_version": 0,
          "attributes": {
            "disable_dependent_services": null,
            "disable_on_destroy": null,
            "id": "obsidian-gcal-sync-df95efa5/iap.googleapis.com",
            "project": "obsidian-gcal-sync-df95efa5",
            "service": "iap.googleapis.com",
            "timeouts": null
          },
          "sensitive_attributes": [],
          "identity_schema_version": 0,
          "private": "eyJlMmJmYjczMC1lY2FhLTExZTYtOGY4OC0zNDM2M2JjN2M0YzAiOnsiY3JlYXRlIjoxMjAwMDAwMDAwMDAwLCJkZWxldGUiOjEyMDAwMDAwMDAwMDAsInJlYWQiOjYwMDAwMDAwMDAwMCwidXBkYXRlIjoxMjAwMDAwMDAwMDAwfX0=",
          "dependencies": [
            "google_project.obsidian_gcal_sync",
            "random_id.obsidian_project_suffix"
          ]
        }
      ]
    },
    {
      "mode": "managed",
      "type": "random_id",
      "name": "obsidian_project_suffix",
      "provider": "provider[\"registry.terraform.io/hashicorp/random\"]",
      "instances": [
        {
          "schema_version": 0,
          "attributes": {
            "b64_std": "35XvpQ==",
            "b64_url": "35XvpQ",
            "byte_length": 4,
            "dec": "3751145381",
            "hex": "df95efa5",
            "id": "35XvpQ",
            "keepers": null,
            "prefix": null
          },
          "sensitive_attributes": [],
          "identity_schema_version": 0
        }
      ]
    }
  ],
  "check_results": null
}
